
Microsoft Visual Studio Solution File, Format Version 12.00
# Visual Studio Version 16
VisualStudioVersion = 16.0.31911.196
MinimumVisualStudioVersion = 10.0.40219.1
Project("{FAE04EC0-301F-11D3-BF4B-00C04F79EFBC}") = "StaticSinifveÜyeler", "StaticSinifveÜyeler\StaticSinifveÜyeler.csproj", "{9CF4E806-FB51-4D41-B30F-E1AA62673E6D}"
EndProject
Global
	GlobalSection(SolutionConfigurationPlatforms) = preSolution
		Debug|Any CPU = Debug|Any CPU
		Release|Any CPU = Release|Any CPU
	EndGlobalSection
	GlobalSection(ProjectConfigurationPlatforms) = postSolution
		{9CF4E806-FB51-4D41-B30F-E1AA62673E6D}.Debug|Any CPU.ActiveCfg = Debug|Any CPU
		{9CF4E806-FB51-4D41-B30F-E1AA62673E6D}.Debug|Any CPU.Build.0 = Debug|Any CPU
		{9CF4E806-FB51-4D41-B30F-E1AA62673E6D}.Release|Any CPU.ActiveCfg = Release|Any CPU
		{9CF4E806-FB51-4D41-B30F-E1AA62673E6D}.Release|Any CPU.Build.0 = Release|Any CPU
	EndGlobalSection
	GlobalSection(SolutionProperties) = preSolution
		HideSolutionNode = FALSE
	EndGlobalSection
	GlobalSection(ExtensibilityGlobals) = postSolution
		SolutionGuid = {BCED6AF2-A216-462A-99F3-94FCA9434BC4}
	EndGlobalSection
EndGlobal
